
Microsoft Visual Studio Solution File, Format Version 12.00
# Visual Studio Version 17
VisualStudioVersion = 17.3.32922.545
MinimumVisualStudioVersion = 10.0.40219.1
Project("{FAE04EC0-301F-11D3-BF4B-00C04F79EFBC}") = "AdminApplication", "AdminApplication.csproj", "{99855AC9-4FBB-40C8-B366-D9EF2796B744}"
EndProject
Global
	GlobalSection(SolutionConfigurationPlatforms) = preSolution
		Debug|Any CPU = Debug|Any CPU
		Release|Any CPU = Release|Any CPU
	EndGlobalSection
	GlobalSection(ProjectConfigurationPlatforms) = postSolution
		{99855AC9-4FBB-40C8-B366-D9EF2796B744}.Debug|Any CPU.ActiveCfg = Debug|Any CPU
		{99855AC9-4FBB-40C8-B366-D9EF2796B744}.Debug|Any CPU.Build.0 = Debug|Any CPU
		{99855AC9-4FBB-40C8-B366-D9EF2796B744}.Release|Any CPU.ActiveCfg = Release|Any CPU
		{99855AC9-4FBB-40C8-B366-D9EF2796B744}.Release|Any CPU.Build.0 = Release|Any CPU
	EndGlobalSection
	GlobalSection(SolutionProperties) = preSolution
		HideSolutionNode = FALSE
	EndGlobalSection
	GlobalSection(ExtensibilityGlobals) = postSolution
		SolutionGuid = {3CF39846-7B6A-48A1-BD4F-B4B227CB494A}
	EndGlobalSection
EndGlobal
